
Microsoft Visual Studio Solution File, Format Version 12.00
# Visual Studio 15
Project("{FAE04EC0-301F-11D3-BF4B-00C04F79EFBC}") = "Assembly-CSharp", "Assembly-CSharp.csproj", "{059FE312-B8F9-FF7F-AC27-CB0F0D97B9CD}"
EndProject
Project("{FAE04EC0-301F-11D3-BF4B-00C04F79EFBC}") = "Assembly-CSharp-firstpass", "Assembly-CSharp-firstpass.csproj", "{15B16FC7-BF59-9792-F3C1-D1F96BB10742}"
EndProject
Global
	GlobalSection(SolutionConfigurationPlatforms) = preSolution
		Debug|Any CPU = Debug|Any CPU
		Release|Any CPU = Release|Any CPU
	EndGlobalSection
	GlobalSection(ProjectConfigurationPlatforms) = postSolution
		{059FE312-B8F9-FF7F-AC27-CB0F0D97B9CD}.Debug|Any CPU.ActiveCfg = Debug|Any CPU
		{059FE312-B8F9-FF7F-AC27-CB0F0D97B9CD}.Debug|Any CPU.Build.0 = Debug|Any CPU
		{059FE312-B8F9-FF7F-AC27-CB0F0D97B9CD}.Release|Any CPU.ActiveCfg = Release|Any CPU
		{059FE312-B8F9-FF7F-AC27-CB0F0D97B9CD}.Release|Any CPU.Build.0 = Release|Any CPU
		{15B16FC7-BF59-9792-F3C1-D1F96BB10742}.Debug|Any CPU.ActiveCfg = Debug|Any CPU
		{15B16FC7-BF59-9792-F3C1-D1F96BB10742}.Debug|Any CPU.Build.0 = Debug|Any CPU
		{15B16FC7-BF59-9792-F3C1-D1F96BB10742}.Release|Any CPU.ActiveCfg = Release|Any CPU
		{15B16FC7-BF59-9792-F3C1-D1F96BB10742}.Release|Any CPU.Build.0 = Release|Any CPU
	EndGlobalSection
	GlobalSection(SolutionProperties) = preSolution
		HideSolutionNode = FALSE
	EndGlobalSection
EndGlobal
